
Microsoft Visual Studio Solution File, Format Version 12.00
# Visual Studio 15
VisualStudioVersion = 15.0.26730.10
MinimumVisualStudioVersion = 10.0.40219.1
Project("{FAE04EC0-301F-11D3-BF4B-00C04F79EFBC}") = "Temama.Trading.Console", "Temama.Trading.Console\Temama.Trading.Console.csproj", "{3F3D4E8F-5772-46F8-A161-278AAFC6FF3B}"
EndProject
Project("{FAE04EC0-301F-11D3-BF4B-00C04F79EFBC}") = "Temama.Trading.Core", "Temama.Trading.Core\Temama.Trading.Core.csproj", "{00217350-302C-4A3D-BC20-263F7A45D7E8}"
EndProject
Project("{FAE04EC0-301F-11D3-BF4B-00C04F79EFBC}") = "Temama.Trading.Algo", "Temama.Trading.Algo\Temama.Trading.Algo.csproj", "{2C4885B5-97DA-41F9-ACD4-7DE76302FBB3}"
EndProject
Project("{FAE04EC0-301F-11D3-BF4B-00C04F79EFBC}") = "Temama.Trading.Exchanges", "Temama.Trading.Exchanges\Temama.Trading.Exchanges.csproj", "{8415C778-F268-4D04-90B9-C6CAA16606EB}"
EndProject
Project("{FAE04EC0-301F-11D3-BF4B-00C04F79EFBC}") = "TGNotifier", "TGNotifier\TGNotifier.csproj", "{7130BF9D-A384-4B4D-8872-A097A09E5AA4}"
EndProject
Global
	GlobalSection(SolutionConfigurationPlatforms) = preSolution
		Debug|Any CPU = Debug|Any CPU
		Release|Any CPU = Release|Any CPU
	EndGlobalSection
	GlobalSection(ProjectConfigurationPlatforms) = postSolution
		{3F3D4E8F-5772-46F8-A161-278AAFC6FF3B}.Debug|Any CPU.ActiveCfg = Debug|Any CPU
		{3F3D4E8F-5772-46F8-A161-278AAFC6FF3B}.Debug|Any CPU.Build.0 = Debug|Any CPU
		{3F3D4E8F-5772-46F8-A161-278AAFC6FF3B}.Release|Any CPU.ActiveCfg = Release|Any CPU
		{3F3D4E8F-5772-46F8-A161-278AAFC6FF3B}.Release|Any CPU.Build.0 = Release|Any CPU
		{00217350-302C-4A3D-BC20-263F7A45D7E8}.Debug|Any CPU.ActiveCfg = Debug|Any CPU
		{00217350-302C-4A3D-BC20-263F7A45D7E8}.Debug|Any CPU.Build.0 = Debug|Any CPU
		{00217350-302C-4A3D-BC20-263F7A45D7E8}.Release|Any CPU.ActiveCfg = Release|Any CPU
		{00217350-302C-4A3D-BC20-263F7A45D7E8}.Release|Any CPU.Build.0 = Release|Any CPU
		{2C4885B5-97DA-41F9-ACD4-7DE76302FBB3}.Debug|Any CPU.ActiveCfg = Debug|Any CPU
		{2C4885B5-97DA-41F9-ACD4-7DE76302FBB3}.Debug|Any CPU.Build.0 = Debug|Any CPU
		{2C4885B5-97DA-41F9-ACD4-7DE76302FBB3}.Release|Any CPU.ActiveCfg = Release|Any CPU
		{2C4885B5-97DA-41F9-ACD4-7DE76302FBB3}.Release|Any CPU.Build.0 = Release|Any CPU
		{8415C778-F268-4D04-90B9-C6CAA16606EB}.Debug|Any CPU.ActiveCfg = Debug|Any CPU
		{8415C778-F268-4D04-90B9-C6CAA16606EB}.Debug|Any CPU.Build.0 = Debug|Any CPU
		{8415C778-F268-4D04-90B9-C6CAA16606EB}.Release|Any CPU.ActiveCfg = Release|Any CPU
		{8415C778-F268-4D04-90B9-C6CAA16606EB}.Release|Any CPU.Build.0 = Release|Any CPU
		{7130BF9D-A384-4B4D-8872-A097A09E5AA4}.Debug|Any CPU.ActiveCfg = Debug|Any CPU
		{7130BF9D-A384-4B4D-8872-A097A09E5AA4}.Debug|Any CPU.Build.0 = Debug|Any CPU
		{7130BF9D-A384-4B4D-8872-A097A09E5AA4}.Release|Any CPU.ActiveCfg = Release|Any CPU
		{7130BF9D-A384-4B4D-8872-A097A09E5AA4}.Release|Any CPU.Build.0 = Release|Any CPU
	EndGlobalSection
	GlobalSection(SolutionProperties) = preSolution
		HideSolutionNode = FALSE
	EndGlobalSection
	GlobalSection(ExtensibilityGlobals) = postSolution
		SolutionGuid = {BA49181E-D17B-4220-9CBC-F0DCCAD94962}
	EndGlobalSection
EndGlobal
